
Microsoft Visual Studio Solution File, Format Version 12.00
# Visual Studio 2013
VisualStudioVersion = 12.0.30501.0
MinimumVisualStudioVersion = 10.0.40219.1
Project("{FAE04EC0-301F-11D3-BF4B-00C04F79EFBC}") = "SoftScanner", "SoftScanner\SoftScanner.csproj", "{6148024E-38F2-4ED4-B65C-41EC38E062AF}"
EndProject
Project("{FAE04EC0-301F-11D3-BF4B-00C04F79EFBC}") = "SoftScannerTests", "SoftScannerTests\SoftScannerTests.csproj", "{55CE426C-E418-483D-BAD1-8C1B4EF36D94}"
EndProject
Global
	GlobalSection(SolutionConfigurationPlatforms) = preSolution
		Debug|Any CPU = Debug|Any CPU
		Release|Any CPU = Release|Any CPU
	EndGlobalSection
	GlobalSection(ProjectConfigurationPlatforms) = postSolution
		{6148024E-38F2-4ED4-B65C-41EC38E062AF}.Debug|Any CPU.ActiveCfg = Debug|Any CPU
		{6148024E-38F2-4ED4-B65C-41EC38E062AF}.Debug|Any CPU.Build.0 = Debug|Any CPU
		{6148024E-38F2-4ED4-B65C-41EC38E062AF}.Release|Any CPU.ActiveCfg = Release|Any CPU
		{6148024E-38F2-4ED4-B65C-41EC38E062AF}.Release|Any CPU.Build.0 = Release|Any CPU
		{55CE426C-E418-483D-BAD1-8C1B4EF36D94}.Debug|Any CPU.ActiveCfg = Debug|Any CPU
		{55CE426C-E418-483D-BAD1-8C1B4EF36D94}.Debug|Any CPU.Build.0 = Debug|Any CPU
		{55CE426C-E418-483D-BAD1-8C1B4EF36D94}.Release|Any CPU.ActiveCfg = Release|Any CPU
		{55CE426C-E418-483D-BAD1-8C1B4EF36D94}.Release|Any CPU.Build.0 = Release|Any CPU
	EndGlobalSection
	GlobalSection(SolutionProperties) = preSolution
		HideSolutionNode = FALSE
	EndGlobalSection
EndGlobal
